
Microsoft Visual Studio Solution File, Format Version 12.00
# Visual Studio Version 16
VisualStudioVersion = 16.0.29009.5
MinimumVisualStudioVersion = 10.0.40219.1
Project("{9A19103F-16F7-4668-BE54-9A1E7A4F7556}") = "ISNogometniStadion.WebAPI", "ISNogometniStadion.WebAPI\ISNogometniStadion.WebAPI.csproj", "{45A369DF-336D-4978-8612-64F35ABCE693}"
EndProject
Project("{9A19103F-16F7-4668-BE54-9A1E7A4F7556}") = "ISNogometniStadion.Model", "ISNogometniStadion.Model\ISNogometniStadion.Model.csproj", "{AA0E0B7A-42E3-4409-B999-F9D90A192A7A}"
EndProject
Project("{2150E333-8FDC-42A3-9474-1A3956D46DE8}") = "UI", "UI", "{D299F8F5-0A96-4F51-8EBF-E3A74DEDDE6E}"
EndProject
Project("{FAE04EC0-301F-11D3-BF4B-00C04F79EFBC}") = "ISNogometniStadion.WinUI", "ISNogometniStadion.WinUI\ISNogometniStadion.WinUI.csproj", "{069040C1-E452-462D-A924-4CA96F231350}"
EndProject
Project("{FAE04EC0-301F-11D3-BF4B-00C04F79EFBC}") = "ISNS.MA.UWP", "ISNS.MA\ISNS.MA.UWP\ISNS.MA.UWP.csproj", "{B44D9609-04D0-4C45-988D-B668AB13DBBF}"
EndProject
Project("{FAE04EC0-301F-11D3-BF4B-00C04F79EFBC}") = "ISNS.MA.Android", "ISNS.MA\ISNS.MA.Android\ISNS.MA.Android.csproj", "{FE2A8483-53FD-40F9-ADEC-0C98E934FC79}"
EndProject
Project("{FAE04EC0-301F-11D3-BF4B-00C04F79EFBC}") = "ISNS.MA.iOS", "ISNS.MA\ISNS.MA.iOS\ISNS.MA.iOS.csproj", "{911509A7-D3A5-44F3-B9A9-F35696A2B81E}"
EndProject
Project("{FAE04EC0-301F-11D3-BF4B-00C04F79EFBC}") = "ISNS.MA", "ISNS.MA\ISNS.MA\ISNS.MA.csproj", "{00FEB08F-C888-4C0D-B363-812579DE8614}"
EndProject
Project("{2150E333-8FDC-42A3-9474-1A3956D46DE8}") = "ISN.M", "ISN.M", "{BCF1A02D-5422-491E-A4AC-70D77B85F7F3}"
EndProject
Global
	GlobalSection(SolutionConfigurationPlatforms) = preSolution
		Debug|Any CPU = Debug|Any CPU
		Debug|ARM = Debug|ARM
		Debug|iPhone = Debug|iPhone
		Debug|iPhoneSimulator = Debug|iPhoneSimulator
		Debug|x64 = Debug|x64
		Debug|x86 = Debug|x86
		Release|Any CPU = Release|Any CPU
		Release|ARM = Release|ARM
		Release|iPhone = Release|iPhone
		Release|iPhoneSimulator = Release|iPhoneSimulator
		Release|x64 = Release|x64
		Release|x86 = Release|x86
	EndGlobalSection
	GlobalSection(ProjectConfigurationPlatforms) = postSolution
		{45A369DF-336D-4978-8612-64F35ABCE693}.Debug|Any CPU.ActiveCfg = Debug|Any CPU
		{45A369DF-336D-4978-8612-64F35ABCE693}.Debug|Any CPU.Build.0 = Debug|Any CPU
		{45A369DF-336D-4978-8612-64F35ABCE693}.Debug|ARM.ActiveCfg = Debug|Any CPU
		{45A369DF-336D-4978-8612-64F35ABCE693}.Debug|ARM.Build.0 = Debug|Any CPU
		{45A369DF-336D-4978-8612-64F35ABCE693}.Debug|iPhone.ActiveCfg = Debug|Any CPU
		{45A369DF-336D-4978-8612-64F35ABCE693}.Debug|iPhone.Build.0 = Debug|Any CPU
		{45A369DF-336D-4978-8612-64F35ABCE693}.Debug|iPhoneSimulator.ActiveCfg = Debug|Any CPU
		{45A369DF-336D-4978-8612-64F35ABCE693}.Debug|iPhoneSimulator.Build.0 = Debug|Any CPU
		{45A369DF-336D-4978-8612-64F35ABCE693}.Debug|x64.ActiveCfg = Debug|Any CPU
		{45A369DF-336D-4978-8612-64F35ABCE693}.Debug|x64.Build.0 = Debug|Any CPU
		{45A369DF-336D-4978-8612-64F35ABCE693}.Debug|x86.ActiveCfg = Debug|Any CPU
		{45A369DF-336D-4978-8612-64F35ABCE693}.Debug|x86.Build.0 = Debug|Any CPU
		{45A369DF-336D-4978-8612-64F35ABCE693}.Release|Any CPU.ActiveCfg = Release|Any CPU
		{45A369DF-336D-4978-8612-64F35ABCE693}.Release|Any CPU.Build.0 = Release|Any CPU
		{45A369DF-336D-4978-8612-64F35ABCE693}.Release|ARM.ActiveCfg = Release|Any CPU
		{45A369DF-336D-4978-8612-64F35ABCE693}.Release|ARM.Build.0 = Release|Any CPU
		{45A369DF-336D-4978-8612-64F35ABCE693}.Release|iPhone.ActiveCfg = Release|Any CPU
		{45A369DF-336D-4978-8612-64F35ABCE693}.Release|iPhone.Build.0 = Release|Any CPU
		{45A369DF-336D-4978-8612-64F35ABCE693}.Release|iPhoneSimulator.ActiveCfg = Release|Any CPU
		{45A369DF-336D-4978-8612-64F35ABCE693}.Release|iPhoneSimulator.Build.0 = Release|Any CPU
		{45A369DF-336D-4978-8612-64F35ABCE693}.Release|x64.ActiveCfg = Release|Any CPU
		{45A369DF-336D-4978-8612-64F35ABCE693}.Release|x64.Build.0 = Release|Any CPU
		{45A369DF-336D-4978-8612-64F35ABCE693}.Release|x86.ActiveCfg = Release|Any CPU
		{45A369DF-336D-4978-8612-64F35ABCE693}.Release|x86.Build.0 = Release|Any CPU
		{AA0E0B7A-42E3-4409-B999-F9D90A192A7A}.Debug|Any CPU.ActiveCfg = Debug|Any CPU
		{AA0E0B7A-42E3-4409-B999-F9D90A192A7A}.Debug|Any CPU.Build.0 = Debug|Any CPU
		{AA0E0B7A-42E3-4409-B999-F9D90A192A7A}.Debug|ARM.ActiveCfg = Debug|Any CPU
		{AA0E0B7A-42E3-4409-B999-F9D90A192A7A}.Debug|ARM.Build.0 = Debug|Any CPU
		{AA0E0B7A-42E3-4409-B999-F9D90A192A7A}.Debug|iPhone.ActiveCfg = Debug|Any CPU
		{AA0E0B7A-42E3-4409-B999-F9D90A192A7A}.Debug|iPhone.Build.0 = Debug|Any CPU
		{AA0E0B7A-42E3-4409-B999-F9D90A192A7A}.Debug|iPhoneSimulator.ActiveCfg = Debug|Any CPU
		{AA0E0B7A-42E3-4409-B999-F9D90A192A7A}.Debug|iPhoneSimulator.Build.0 = Debug|Any CPU
		{AA0E0B7A-42E3-4409-B999-F9D90A192A7A}.Debug|x64.ActiveCfg = Debug|Any CPU
		{AA0E0B7A-42E3-4409-B999-F9D90A192A7A}.Debug|x64.Build.0 = Debug|Any CPU
		{AA0E0B7A-42E3-4409-B999-F9D90A192A7A}.Debug|x86.ActiveCfg = Debug|Any CPU
		{AA0E0B7A-42E3-4409-B999-F9D90A192A7A}.Debug|x86.Build.0 = Debug|Any CPU
		{AA0E0B7A-42E3-4409-B999-F9D90A192A7A}.Release|Any CPU.ActiveCfg = Release|Any CPU
		{AA0E0B7A-42E3-4409-B999-F9D90A192A7A}.Release|Any CPU.Build.0 = Release|Any CPU
		{AA0E0B7A-42E3-4409-B999-F9D90A192A7A}.Release|ARM.ActiveCfg = Release|Any CPU
		{AA0E0B7A-42E3-4409-B999-F9D90A192A7A}.Release|ARM.Build.0 = Release|Any CPU
		{AA0E0B7A-42E3-4409-B999-F9D90A192A7A}.Release|iPhone.ActiveCfg = Release|Any CPU
		{AA0E0B7A-42E3-4409-B999-F9D90A192A7A}.Release|iPhone.Build.0 = Release|Any CPU
		{AA0E0B7A-42E3-4409-B999-F9D90A192A7A}.Release|iPhoneSimulator.ActiveCfg = Release|Any CPU
		{AA0E0B7A-42E3-4409-B999-F9D90A192A7A}.Release|iPhoneSimulator.Build.0 = Release|Any CPU
		{AA0E0B7A-42E3-4409-B999-F9D90A192A7A}.Release|x64.ActiveCfg = Release|Any CPU
		{AA0E0B7A-42E3-4409-B999-F9D90A192A7A}.Release|x64.Build.0 = Release|Any CPU
		{AA0E0B7A-42E3-4409-B999-F9D90A192A7A}.Release|x86.ActiveCfg = Release|Any CPU
		{AA0E0B7A-42E3-4409-B999-F9D90A192A7A}.Release|x86.Build.0 = Release|Any CPU
		{069040C1-E452-462D-A924-4CA96F231350}.Debug|Any CPU.ActiveCfg = Debug|Any CPU
		{069040C1-E452-462D-A924-4CA96F231350}.Debug|Any CPU.Build.0 = Debug|Any CPU
		{069040C1-E452-462D-A924-4CA96F231350}.Debug|ARM.ActiveCfg = Debug|Any CPU
		{069040C1-E452-462D-A924-4CA96F231350}.Debug|ARM.Build.0 = Debug|Any CPU
		{069040C1-E452-462D-A924-4CA96F231350}.Debug|iPhone.ActiveCfg = Debug|Any CPU
		{069040C1-E452-462D-A924-4CA96F231350}.Debug|iPhone.Build.0 = Debug|Any CPU
		{069040C1-E452-462D-A924-4CA96F231350}.Debug|iPhoneSimulator.ActiveCfg = Debug|Any CPU
		{069040C1-E452-462D-A924-4CA96F231350}.Debug|iPhoneSimulator.Build.0 = Debug|Any CPU
		{069040C1-E452-462D-A924-4CA96F231350}.Debug|x64.ActiveCfg = Debug|Any CPU
		{069040C1-E452-462D-A924-4CA96F231350}.Debug|x64.Build.0 = Debug|Any CPU
		{069040C1-E452-462D-A924-4CA96F231350}.Debug|x86.ActiveCfg = Debug|Any CPU
		{069040C1-E452-462D-A924-4CA96F231350}.Debug|x86.Build.0 = Debug|Any CPU
		{069040C1-E452-462D-A924-4CA96F231350}.Release|Any CPU.ActiveCfg = Release|Any CPU
		{069040C1-E452-462D-A924-4CA96F231350}.Release|Any CPU.Build.0 = Release|Any CPU
		{069040C1-E452-462D-A924-4CA96F231350}.Release|ARM.ActiveCfg = Release|Any CPU
		{069040C1-E452-462D-A924-4CA96F231350}.Release|ARM.Build.0 = Release|Any CPU
		{069040C1-E452-462D-A924-4CA96F231350}.Release|iPhone.ActiveCfg = Release|Any CPU
		{069040C1-E452-462D-A924-4CA96F231350}.Release|iPhone.Build.0 = Release|Any CPU
		{069040C1-E452-462D-A924-4CA96F231350}.Release|iPhoneSimulator.ActiveCfg = Release|Any CPU
		{069040C1-E452-462D-A924-4CA96F231350}.Release|iPhoneSimulator.Build.0 = Release|Any CPU
		{069040C1-E452-462D-A924-4CA96F231350}.Release|x64.ActiveCfg = Release|Any CPU
		{069040C1-E452-462D-A924-4CA96F231350}.Release|x64.Build.0 = Release|Any CPU
		{069040C1-E452-462D-A924-4CA96F231350}.Release|x86.ActiveCfg = Release|Any CPU
		{069040C1-E452-462D-A924-4CA96F231350}.Release|x86.Build.0 = Release|Any CPU
		{B44D9609-04D0-4C45-988D-B668AB13DBBF}.Debug|Any CPU.ActiveCfg = Debug|x86
		{B44D9609-04D0-4C45-988D-B668AB13DBBF}.Debug|ARM.ActiveCfg = Debug|ARM
		{B44D9609-04D0-4C45-988D-B668AB13DBBF}.Debug|ARM.Build.0 = Debug|ARM
		{B44D9609-04D0-4C45-988D-B668AB13DBBF}.Debug|ARM.Deploy.0 = Debug|ARM
		{B44D9609-04D0-4C45-988D-B668AB13DBBF}.Debug|iPhone.ActiveCfg = Debug|x86
		{B44D9609-04D0-4C45-988D-B668AB13DBBF}.Debug|iPhoneSimulator.ActiveCfg = Debug|x86
		{B44D9609-04D0-4C45-988D-B668AB13DBBF}.Debug|x64.ActiveCfg = Debug|x64
		{B44D9609-04D0-4C45-988D-B668AB13DBBF}.Debug|x64.Build.0 = Debug|x64
		{B44D9609-04D0-4C45-988D-B668AB13DBBF}.Debug|x64.Deploy.0 = Debug|x64
		{B44D9609-04D0-4C45-988D-B668AB13DBBF}.Debug|x86.ActiveCfg = Debug|x86
		{B44D9609-04D0-4C45-988D-B668AB13DBBF}.Debug|x86.Build.0 = Debug|x86
		{B44D9609-04D0-4C45-988D-B668AB13DBBF}.Debug|x86.Deploy.0 = Debug|x86
		{B44D9609-04D0-4C45-988D-B668AB13DBBF}.Release|Any CPU.ActiveCfg = Release|x86
		{B44D9609-04D0-4C45-988D-B668AB13DBBF}.Release|ARM.ActiveCfg = Release|ARM
		{B44D9609-04D0-4C45-988D-B668AB13DBBF}.Release|ARM.Build.0 = Release|ARM
		{B44D9609-04D0-4C45-988D-B668AB13DBBF}.Release|ARM.Deploy.0 = Release|ARM
		{B44D9609-04D0-4C45-988D-B668AB13DBBF}.Release|iPhone.ActiveCfg = Release|x86
		{B44D9609-04D0-4C45-988D-B668AB13DBBF}.Release|iPhoneSimulator.ActiveCfg = Release|x86
		{B44D9609-04D0-4C45-988D-B668AB13DBBF}.Release|x64.ActiveCfg = Release|x64
		{B44D9609-04D0-4C45-988D-B668AB13DBBF}.Release|x64.Build.0 = Release|x64
		{B44D9609-04D0-4C45-988D-B668AB13DBBF}.Release|x64.Deploy.0 = Release|x64
		{B44D9609-04D0-4C45-988D-B668AB13DBBF}.Release|x86.ActiveCfg = Release|x86
		{B44D9609-04D0-4C45-988D-B668AB13DBBF}.Release|x86.Build.0 = Release|x86
		{B44D9609-04D0-4C45-988D-B668AB13DBBF}.Release|x86.Deploy.0 = Release|x86
		{FE2A8483-53FD-40F9-ADEC-0C98E934FC79}.Debug|Any CPU.ActiveCfg = Debug|Any CPU
		{FE2A8483-53FD-40F9-ADEC-0C98E934FC79}.Debug|Any CPU.Build.0 = Debug|Any CPU
		{FE2A8483-53FD-40F9-ADEC-0C98E934FC79}.Debug|Any CPU.Deploy.0 = Debug|Any CPU
		{FE2A8483-53FD-40F9-ADEC-0C98E934FC79}.Debug|ARM.ActiveCfg = Debug|Any CPU
		{FE2A8483-53FD-40F9-ADEC-0C98E934FC79}.Debug|ARM.Build.0 = Debug|Any CPU
		{FE2A8483-53FD-40F9-ADEC-0C98E934FC79}.Debug|ARM.Deploy.0 = Debug|Any CPU
		{FE2A8483-53FD-40F9-ADEC-0C98E934FC79}.Debug|iPhone.ActiveCfg = Debug|Any CPU
		{FE2A8483-53FD-40F9-ADEC-0C98E934FC79}.Debug|iPhone.Build.0 = Debug|Any CPU
		{FE2A8483-53FD-40F9-ADEC-0C98E934FC79}.Debug|iPhone.Deploy.0 = Debug|Any CPU
		{FE2A8483-53FD-40F9-ADEC-0C98E934FC79}.Debug|iPhoneSimulator.ActiveCfg = Debug|Any CPU
		{FE2A8483-53FD-40F9-ADEC-0C98E934FC79}.Debug|iPhoneSimulator.Build.0 = Debug|Any CPU
		{FE2A8483-53FD-40F9-ADEC-0C98E934FC79}.Debug|iPhoneSimulator.Deploy.0 = Debug|Any CPU
		{FE2A8483-53FD-40F9-ADEC-0C98E934FC79}.Debug|x64.ActiveCfg = Debug|Any CPU
		{FE2A8483-53FD-40F9-ADEC-0C98E934FC79}.Debug|x64.Build.0 = Debug|Any CPU
		{FE2A8483-53FD-40F9-ADEC-0C98E934FC79}.Debug|x64.Deploy.0 = Debug|Any CPU
		{FE2A8483-53FD-40F9-ADEC-0C98E934FC79}.Debug|x86.ActiveCfg = Debug|Any CPU
		{FE2A8483-53FD-40F9-ADEC-0C98E934FC79}.Debug|x86.Build.0 = Debug|Any CPU
		{FE2A8483-53FD-40F9-ADEC-0C98E934FC79}.Debug|x86.Deploy.0 = Debug|Any CPU
		{FE2A8483-53FD-40F9-ADEC-0C98E934FC79}.Release|Any CPU.ActiveCfg = Release|Any CPU
		{FE2A8483-53FD-40F9-ADEC-0C98E934FC79}.Release|Any CPU.Build.0 = Release|Any CPU
		{FE2A8483-53FD-40F9-ADEC-0C98E934FC79}.Release|Any CPU.Deploy.0 = Release|Any CPU
		{FE2A8483-53FD-40F9-ADEC-0C98E934FC79}.Release|ARM.ActiveCfg = Release|Any CPU
		{FE2A8483-53FD-40F9-ADEC-0C98E934FC79}.Release|ARM.Build.0 = Release|Any CPU
		{FE2A8483-53FD-40F9-ADEC-0C98E934FC79}.Release|ARM.Deploy.0 = Release|Any CPU
		{FE2A8483-53FD-40F9-ADEC-0C98E934FC79}.Release|iPhone.ActiveCfg = Release|Any CPU
		{FE2A8483-53FD-40F9-ADEC-0C98E934FC79}.Release|iPhone.Build.0 = Release|Any CPU
		{FE2A8483-53FD-40F9-ADEC-0C98E934FC79}.Release|iPhone.Deploy.0 = Release|Any CPU
		{FE2A8483-53FD-40F9-ADEC-0C98E934FC79}.Release|iPhoneSimulator.ActiveCfg = Release|Any CPU
		{FE2A8483-53FD-40F9-ADEC-0C98E934FC79}.Release|iPhoneSimulator.Build.0 = Release|Any CPU
		{FE2A8483-53FD-40F9-ADEC-0C98E934FC79}.Release|iPhoneSimulator.Deploy.0 = Release|Any CPU
		{FE2A8483-53FD-40F9-ADEC-0C98E934FC79}.Release|x64.ActiveCfg = Release|Any CPU
		{FE2A8483-53FD-40F9-ADEC-0C98E934FC79}.Release|x64.Build.0 = Release|Any CPU
		{FE2A8483-53FD-40F9-ADEC-0C98E934FC79}.Release|x64.Deploy.0 = Release|Any CPU
		{FE2A8483-53FD-40F9-ADEC-0C98E934FC79}.Release|x86.ActiveCfg = Release|Any CPU
		{FE2A8483-53FD-40F9-ADEC-0C98E934FC79}.Release|x86.Build.0 = Release|Any CPU
		{FE2A8483-53FD-40F9-ADEC-0C98E934FC79}.Release|x86.Deploy.0 = Release|Any CPU
		{911509A7-D3A5-44F3-B9A9-F35696A2B81E}.Debug|Any CPU.ActiveCfg = Debug|iPhone
		{911509A7-D3A5-44F3-B9A9-F35696A2B81E}.Debug|ARM.ActiveCfg = Debug|iPhone
		{911509A7-D3A5-44F3-B9A9-F35696A2B81E}.Debug|iPhone.ActiveCfg = Debug|iPhone
		{911509A7-D3A5-44F3-B9A9-F35696A2B81E}.Debug|iPhone.Build.0 = Debug|iPhone
		{911509A7-D3A5-44F3-B9A9-F35696A2B81E}.Debug|iPhoneSimulator.ActiveCfg = Debug|iPhoneSimulator
		{911509A7-D3A5-44F3-B9A9-F35696A2B81E}.Debug|iPhoneSimulator.Build.0 = Debug|iPhoneSimulator
		{911509A7-D3A5-44F3-B9A9-F35696A2B81E}.Debug|x64.ActiveCfg = Debug|iPhone
		{911509A7-D3A5-44F3-B9A9-F35696A2B81E}.Debug|x86.ActiveCfg = Debug|iPhone
		{911509A7-D3A5-44F3-B9A9-F35696A2B81E}.Release|Any CPU.ActiveCfg = Release|iPhone
		{911509A7-D3A5-44F3-B9A9-F35696A2B81E}.Release|ARM.ActiveCfg = Release|iPhone
		{911509A7-D3A5-44F3-B9A9-F35696A2B81E}.Release|iPhone.ActiveCfg = Release|iPhone
		{911509A7-D3A5-44F3-B9A9-F35696A2B81E}.Release|iPhone.Build.0 = Release|iPhone
		{911509A7-D3A5-44F3-B9A9-F35696A2B81E}.Release|iPhoneSimulator.ActiveCfg = Release|iPhoneSimulator
		{911509A7-D3A5-44F3-B9A9-F35696A2B81E}.Release|iPhoneSimulator.Build.0 = Release|iPhoneSimulator
		{911509A7-D3A5-44F3-B9A9-F35696A2B81E}.Release|x64.ActiveCfg = Release|iPhone
		{911509A7-D3A5-44F3-B9A9-F35696A2B81E}.Release|x86.ActiveCfg = Release|iPhone
		{00FEB08F-C888-4C0D-B363-812579DE8614}.Debug|Any CPU.ActiveCfg = Debug|Any CPU
		{00FEB08F-C888-4C0D-B363-812579DE8614}.Debug|Any CPU.Build.0 = Debug|Any CPU
		{00FEB08F-C888-4C0D-B363-812579DE8614}.Debug|ARM.ActiveCfg = Debug|Any CPU
		{00FEB08F-C888-4C0D-B363-812579DE8614}.Debug|ARM.Build.0 = Debug|Any CPU
		{00FEB08F-C888-4C0D-B363-812579DE8614}.Debug|iPhone.ActiveCfg = Debug|Any CPU
		{00FEB08F-C888-4C0D-B363-812579DE8614}.Debug|iPhone.Build.0 = Debug|Any CPU
		{00FEB08F-C888-4C0D-B363-812579DE8614}.Debug|iPhoneSimulator.ActiveCfg = Debug|Any CPU
		{00FEB08F-C888-4C0D-B363-812579DE8614}.Debug|iPhoneSimulator.Build.0 = Debug|Any CPU
		{00FEB08F-C888-4C0D-B363-812579DE8614}.Debug|x64.ActiveCfg = Debug|Any CPU
		{00FEB08F-C888-4C0D-B363-812579DE8614}.Debug|x64.Build.0 = Debug|Any CPU
		{00FEB08F-C888-4C0D-B363-812579DE8614}.Debug|x86.ActiveCfg = Debug|Any CPU
		{00FEB08F-C888-4C0D-B363-812579DE8614}.Debug|x86.Build.0 = Debug|Any CPU
		{00FEB08F-C888-4C0D-B363-812579DE8614}.Release|Any CPU.ActiveCfg = Release|Any CPU
		{00FEB08F-C888-4C0D-B363-812579DE8614}.Release|Any CPU.Build.0 = Release|Any CPU
		{00FEB08F-C888-4C0D-B363-812579DE8614}.Release|ARM.ActiveCfg = Release|Any CPU
		{00FEB08F-C888-4C0D-B363-812579DE8614}.Release|ARM.Build.0 = Release|Any CPU
		{00FEB08F-C888-4C0D-B363-812579DE8614}.Release|iPhone.ActiveCfg = Release|Any CPU
		{00FEB08F-C888-4C0D-B363-812579DE8614}.Release|iPhone.Build.0 = Release|Any CPU
		{00FEB08F-C888-4C0D-B363-812579DE8614}.Release|iPhoneSimulator.ActiveCfg = Release|Any CPU
		{00FEB08F-C888-4C0D-B363-812579DE8614}.Release|iPhoneSimulator.Build.0 = Release|Any CPU
		{00FEB08F-C888-4C0D-B363-812579DE8614}.Release|x64.ActiveCfg = Release|Any CPU
		{00FEB08F-C888-4C0D-B363-812579DE8614}.Release|x64.Build.0 = Release|Any CPU
		{00FEB08F-C888-4C0D-B363-812579DE8614}.Release|x86.ActiveCfg = Release|Any CPU
		{00FEB08F-C888-4C0D-B363-812579DE8614}.Release|x86.Build.0 = Release|Any CPU
	EndGlobalSection
	GlobalSection(SolutionProperties) = preSolution
		HideSolutionNode = FALSE
	EndGlobalSection
	GlobalSection(NestedProjects) = preSolution
		{069040C1-E452-462D-A924-4CA96F231350} = {D299F8F5-0A96-4F51-8EBF-E3A74DEDDE6E}
		{B44D9609-04D0-4C45-988D-B668AB13DBBF} = {BCF1A02D-5422-491E-A4AC-70D77B85F7F3}
		{FE2A8483-53FD-40F9-ADEC-0C98E934FC79} = {BCF1A02D-5422-491E-A4AC-70D77B85F7F3}
		{911509A7-D3A5-44F3-B9A9-F35696A2B81E} = {BCF1A02D-5422-491E-A4AC-70D77B85F7F3}
		{00FEB08F-C888-4C0D-B363-812579DE8614} = {BCF1A02D-5422-491E-A4AC-70D77B85F7F3}
	EndGlobalSection
	GlobalSection(ExtensibilityGlobals) = postSolution
		SolutionGuid = {1C816052-0EC3-4B3F-97A6-29FC5761ACE6}
	EndGlobalSection
EndGlobal
