
Microsoft Visual Studio Solution File, Format Version 12.00
# Visual Studio Version 16
VisualStudioVersion = 16.0.29009.5
MinimumVisualStudioVersion = 10.0.40219.1
Project("{9A19103F-16F7-4668-BE54-9A1E7A4F7556}") = "ISNogometniStadion.WebAPI", "ISNogometniStadion.WebAPI\ISNogometniStadion.WebAPI.csproj", "{45A369DF-336D-4978-8612-64F35ABCE693}"
EndProject
Project("{9A19103F-16F7-4668-BE54-9A1E7A4F7556}") = "ISNogometniStadion.Model", "ISNogometniStadion.Model\ISNogometniStadion.Model.csproj", "{AA0E0B7A-42E3-4409-B999-F9D90A192A7A}"
EndProject
Project("{2150E333-8FDC-42A3-9474-1A3956D46DE8}") = "UI", "UI", "{D299F8F5-0A96-4F51-8EBF-E3A74DEDDE6E}"
EndProject
Project("{FAE04EC0-301F-11D3-BF4B-00C04F79EFBC}") = "ISNogometniStadion.WinUI", "ISNogometniStadion.WinUI\ISNogometniStadion.WinUI.csproj", "{069040C1-E452-462D-A924-4CA96F231350}"
EndProject
Project("{2150E333-8FDC-42A3-9474-1A3956D46DE8}") = "ISNS.M", "ISNS.M", "{68A92D0C-C33E-4B8E-8F1C-D9F0163ECFA1}"
EndProject
Project("{FAE04EC0-301F-11D3-BF4B-00C04F79EFBC}") = "ISNS.MA.UWP", "ISNS.MA\ISNS.MA.UWP\ISNS.MA.UWP.csproj", "{22529955-422C-49E4-BE98-D22A043E57A1}"
EndProject
Project("{FAE04EC0-301F-11D3-BF4B-00C04F79EFBC}") = "ISNS.MA.Android", "ISNS.MA\ISNS.MA.Android\ISNS.MA.Android.csproj", "{D2BC76B7-734A-40DF-B771-E133D2B18BD4}"
EndProject
Project("{FAE04EC0-301F-11D3-BF4B-00C04F79EFBC}") = "ISNS.MA.iOS", "ISNS.MA\ISNS.MA.iOS\ISNS.MA.iOS.csproj", "{DE909F97-F5E6-4CE0-8BDB-1F7703C57BA1}"
EndProject
Project("{FAE04EC0-301F-11D3-BF4B-00C04F79EFBC}") = "ISNS.MA", "ISNS.MA\ISNS.MA\ISNS.MA.csproj", "{703F1F51-0083-4B83-9A06-F350351E3A27}"
EndProject
Global
	GlobalSection(SolutionConfigurationPlatforms) = preSolution
		Debug|Any CPU = Debug|Any CPU
		Debug|ARM = Debug|ARM
		Debug|iPhone = Debug|iPhone
		Debug|iPhoneSimulator = Debug|iPhoneSimulator
		Debug|x64 = Debug|x64
		Debug|x86 = Debug|x86
		Release|Any CPU = Release|Any CPU
		Release|ARM = Release|ARM
		Release|iPhone = Release|iPhone
		Release|iPhoneSimulator = Release|iPhoneSimulator
		Release|x64 = Release|x64
		Release|x86 = Release|x86
	EndGlobalSection
	GlobalSection(ProjectConfigurationPlatforms) = postSolution
		{45A369DF-336D-4978-8612-64F35ABCE693}.Debug|Any CPU.ActiveCfg = Debug|Any CPU
		{45A369DF-336D-4978-8612-64F35ABCE693}.Debug|Any CPU.Build.0 = Debug|Any CPU
		{45A369DF-336D-4978-8612-64F35ABCE693}.Debug|ARM.ActiveCfg = Debug|Any CPU
		{45A369DF-336D-4978-8612-64F35ABCE693}.Debug|ARM.Build.0 = Debug|Any CPU
		{45A369DF-336D-4978-8612-64F35ABCE693}.Debug|iPhone.ActiveCfg = Debug|Any CPU
		{45A369DF-336D-4978-8612-64F35ABCE693}.Debug|iPhone.Build.0 = Debug|Any CPU
		{45A369DF-336D-4978-8612-64F35ABCE693}.Debug|iPhoneSimulator.ActiveCfg = Debug|Any CPU
		{45A369DF-336D-4978-8612-64F35ABCE693}.Debug|iPhoneSimulator.Build.0 = Debug|Any CPU
		{45A369DF-336D-4978-8612-64F35ABCE693}.Debug|x64.ActiveCfg = Debug|Any CPU
		{45A369DF-336D-4978-8612-64F35ABCE693}.Debug|x64.Build.0 = Debug|Any CPU
		{45A369DF-336D-4978-8612-64F35ABCE693}.Debug|x86.ActiveCfg = Debug|Any CPU
		{45A369DF-336D-4978-8612-64F35ABCE693}.Debug|x86.Build.0 = Debug|Any CPU
		{45A369DF-336D-4978-8612-64F35ABCE693}.Release|Any CPU.ActiveCfg = Release|Any CPU
		{45A369DF-336D-4978-8612-64F35ABCE693}.Release|Any CPU.Build.0 = Release|Any CPU
		{45A369DF-336D-4978-8612-64F35ABCE693}.Release|ARM.ActiveCfg = Release|Any CPU
		{45A369DF-336D-4978-8612-64F35ABCE693}.Release|ARM.Build.0 = Release|Any CPU
		{45A369DF-336D-4978-8612-64F35ABCE693}.Release|iPhone.ActiveCfg = Release|Any CPU
		{45A369DF-336D-4978-8612-64F35ABCE693}.Release|iPhone.Build.0 = Release|Any CPU
		{45A369DF-336D-4978-8612-64F35ABCE693}.Release|iPhoneSimulator.ActiveCfg = Release|Any CPU
		{45A369DF-336D-4978-8612-64F35ABCE693}.Release|iPhoneSimulator.Build.0 = Release|Any CPU
		{45A369DF-336D-4978-8612-64F35ABCE693}.Release|x64.ActiveCfg = Release|Any CPU
		{45A369DF-336D-4978-8612-64F35ABCE693}.Release|x64.Build.0 = Release|Any CPU
		{45A369DF-336D-4978-8612-64F35ABCE693}.Release|x86.ActiveCfg = Release|Any CPU
		{45A369DF-336D-4978-8612-64F35ABCE693}.Release|x86.Build.0 = Release|Any CPU
		{AA0E0B7A-42E3-4409-B999-F9D90A192A7A}.Debug|Any CPU.ActiveCfg = Debug|Any CPU
		{AA0E0B7A-42E3-4409-B999-F9D90A192A7A}.Debug|Any CPU.Build.0 = Debug|Any CPU
		{AA0E0B7A-42E3-4409-B999-F9D90A192A7A}.Debug|ARM.ActiveCfg = Debug|Any CPU
		{AA0E0B7A-42E3-4409-B999-F9D90A192A7A}.Debug|ARM.Build.0 = Debug|Any CPU
		{AA0E0B7A-42E3-4409-B999-F9D90A192A7A}.Debug|iPhone.ActiveCfg = Debug|Any CPU
		{AA0E0B7A-42E3-4409-B999-F9D90A192A7A}.Debug|iPhone.Build.0 = Debug|Any CPU
		{AA0E0B7A-42E3-4409-B999-F9D90A192A7A}.Debug|iPhoneSimulator.ActiveCfg = Debug|Any CPU
		{AA0E0B7A-42E3-4409-B999-F9D90A192A7A}.Debug|iPhoneSimulator.Build.0 = Debug|Any CPU
		{AA0E0B7A-42E3-4409-B999-F9D90A192A7A}.Debug|x64.ActiveCfg = Debug|Any CPU
		{AA0E0B7A-42E3-4409-B999-F9D90A192A7A}.Debug|x64.Build.0 = Debug|Any CPU
		{AA0E0B7A-42E3-4409-B999-F9D90A192A7A}.Debug|x86.ActiveCfg = Debug|Any CPU
		{AA0E0B7A-42E3-4409-B999-F9D90A192A7A}.Debug|x86.Build.0 = Debug|Any CPU
		{AA0E0B7A-42E3-4409-B999-F9D90A192A7A}.Release|Any CPU.ActiveCfg = Release|Any CPU
		{AA0E0B7A-42E3-4409-B999-F9D90A192A7A}.Release|Any CPU.Build.0 = Release|Any CPU
		{AA0E0B7A-42E3-4409-B999-F9D90A192A7A}.Release|ARM.ActiveCfg = Release|Any CPU
		{AA0E0B7A-42E3-4409-B999-F9D90A192A7A}.Release|ARM.Build.0 = Release|Any CPU
		{AA0E0B7A-42E3-4409-B999-F9D90A192A7A}.Release|iPhone.ActiveCfg = Release|Any CPU
		{AA0E0B7A-42E3-4409-B999-F9D90A192A7A}.Release|iPhone.Build.0 = Release|Any CPU
		{AA0E0B7A-42E3-4409-B999-F9D90A192A7A}.Release|iPhoneSimulator.ActiveCfg = Release|Any CPU
		{AA0E0B7A-42E3-4409-B999-F9D90A192A7A}.Release|iPhoneSimulator.Build.0 = Release|Any CPU
		{AA0E0B7A-42E3-4409-B999-F9D90A192A7A}.Release|x64.ActiveCfg = Release|Any CPU
		{AA0E0B7A-42E3-4409-B999-F9D90A192A7A}.Release|x64.Build.0 = Release|Any CPU
		{AA0E0B7A-42E3-4409-B999-F9D90A192A7A}.Release|x86.ActiveCfg = Release|Any CPU
		{AA0E0B7A-42E3-4409-B999-F9D90A192A7A}.Release|x86.Build.0 = Release|Any CPU
		{069040C1-E452-462D-A924-4CA96F231350}.Debug|Any CPU.ActiveCfg = Debug|Any CPU
		{069040C1-E452-462D-A924-4CA96F231350}.Debug|Any CPU.Build.0 = Debug|Any CPU
		{069040C1-E452-462D-A924-4CA96F231350}.Debug|ARM.ActiveCfg = Debug|Any CPU
		{069040C1-E452-462D-A924-4CA96F231350}.Debug|ARM.Build.0 = Debug|Any CPU
		{069040C1-E452-462D-A924-4CA96F231350}.Debug|iPhone.ActiveCfg = Debug|Any CPU
		{069040C1-E452-462D-A924-4CA96F231350}.Debug|iPhone.Build.0 = Debug|Any CPU
		{069040C1-E452-462D-A924-4CA96F231350}.Debug|iPhoneSimulator.ActiveCfg = Debug|Any CPU
		{069040C1-E452-462D-A924-4CA96F231350}.Debug|iPhoneSimulator.Build.0 = Debug|Any CPU
		{069040C1-E452-462D-A924-4CA96F231350}.Debug|x64.ActiveCfg = Debug|Any CPU
		{069040C1-E452-462D-A924-4CA96F231350}.Debug|x64.Build.0 = Debug|Any CPU
		{069040C1-E452-462D-A924-4CA96F231350}.Debug|x86.ActiveCfg = Debug|Any CPU
		{069040C1-E452-462D-A924-4CA96F231350}.Debug|x86.Build.0 = Debug|Any CPU
		{069040C1-E452-462D-A924-4CA96F231350}.Release|Any CPU.ActiveCfg = Release|Any CPU
		{069040C1-E452-462D-A924-4CA96F231350}.Release|Any CPU.Build.0 = Release|Any CPU
		{069040C1-E452-462D-A924-4CA96F231350}.Release|ARM.ActiveCfg = Release|Any CPU
		{069040C1-E452-462D-A924-4CA96F231350}.Release|ARM.Build.0 = Release|Any CPU
		{069040C1-E452-462D-A924-4CA96F231350}.Release|iPhone.ActiveCfg = Release|Any CPU
		{069040C1-E452-462D-A924-4CA96F231350}.Release|iPhone.Build.0 = Release|Any CPU
		{069040C1-E452-462D-A924-4CA96F231350}.Release|iPhoneSimulator.ActiveCfg = Release|Any CPU
		{069040C1-E452-462D-A924-4CA96F231350}.Release|iPhoneSimulator.Build.0 = Release|Any CPU
		{069040C1-E452-462D-A924-4CA96F231350}.Release|x64.ActiveCfg = Release|Any CPU
		{069040C1-E452-462D-A924-4CA96F231350}.Release|x64.Build.0 = Release|Any CPU
		{069040C1-E452-462D-A924-4CA96F231350}.Release|x86.ActiveCfg = Release|Any CPU
		{069040C1-E452-462D-A924-4CA96F231350}.Release|x86.Build.0 = Release|Any CPU
		{22529955-422C-49E4-BE98-D22A043E57A1}.Debug|Any CPU.ActiveCfg = Debug|x86
		{22529955-422C-49E4-BE98-D22A043E57A1}.Debug|ARM.ActiveCfg = Debug|ARM
		{22529955-422C-49E4-BE98-D22A043E57A1}.Debug|ARM.Build.0 = Debug|ARM
		{22529955-422C-49E4-BE98-D22A043E57A1}.Debug|ARM.Deploy.0 = Debug|ARM
		{22529955-422C-49E4-BE98-D22A043E57A1}.Debug|iPhone.ActiveCfg = Debug|x86
		{22529955-422C-49E4-BE98-D22A043E57A1}.Debug|iPhoneSimulator.ActiveCfg = Debug|x86
		{22529955-422C-49E4-BE98-D22A043E57A1}.Debug|x64.ActiveCfg = Debug|x64
		{22529955-422C-49E4-BE98-D22A043E57A1}.Debug|x64.Build.0 = Debug|x64
		{22529955-422C-49E4-BE98-D22A043E57A1}.Debug|x64.Deploy.0 = Debug|x64
		{22529955-422C-49E4-BE98-D22A043E57A1}.Debug|x86.ActiveCfg = Debug|x86
		{22529955-422C-49E4-BE98-D22A043E57A1}.Debug|x86.Build.0 = Debug|x86
		{22529955-422C-49E4-BE98-D22A043E57A1}.Debug|x86.Deploy.0 = Debug|x86
		{22529955-422C-49E4-BE98-D22A043E57A1}.Release|Any CPU.ActiveCfg = Release|x86
		{22529955-422C-49E4-BE98-D22A043E57A1}.Release|ARM.ActiveCfg = Release|ARM
		{22529955-422C-49E4-BE98-D22A043E57A1}.Release|ARM.Build.0 = Release|ARM
		{22529955-422C-49E4-BE98-D22A043E57A1}.Release|ARM.Deploy.0 = Release|ARM
		{22529955-422C-49E4-BE98-D22A043E57A1}.Release|iPhone.ActiveCfg = Release|x86
		{22529955-422C-49E4-BE98-D22A043E57A1}.Release|iPhoneSimulator.ActiveCfg = Release|x86
		{22529955-422C-49E4-BE98-D22A043E57A1}.Release|x64.ActiveCfg = Release|x64
		{22529955-422C-49E4-BE98-D22A043E57A1}.Release|x64.Build.0 = Release|x64
		{22529955-422C-49E4-BE98-D22A043E57A1}.Release|x64.Deploy.0 = Release|x64
		{22529955-422C-49E4-BE98-D22A043E57A1}.Release|x86.ActiveCfg = Release|x86
		{22529955-422C-49E4-BE98-D22A043E57A1}.Release|x86.Build.0 = Release|x86
		{22529955-422C-49E4-BE98-D22A043E57A1}.Release|x86.Deploy.0 = Release|x86
		{D2BC76B7-734A-40DF-B771-E133D2B18BD4}.Debug|Any CPU.ActiveCfg = Debug|Any CPU
		{D2BC76B7-734A-40DF-B771-E133D2B18BD4}.Debug|Any CPU.Build.0 = Debug|Any CPU
		{D2BC76B7-734A-40DF-B771-E133D2B18BD4}.Debug|Any CPU.Deploy.0 = Debug|Any CPU
		{D2BC76B7-734A-40DF-B771-E133D2B18BD4}.Debug|ARM.ActiveCfg = Debug|Any CPU
		{D2BC76B7-734A-40DF-B771-E133D2B18BD4}.Debug|ARM.Build.0 = Debug|Any CPU
		{D2BC76B7-734A-40DF-B771-E133D2B18BD4}.Debug|ARM.Deploy.0 = Debug|Any CPU
		{D2BC76B7-734A-40DF-B771-E133D2B18BD4}.Debug|iPhone.ActiveCfg = Debug|Any CPU
		{D2BC76B7-734A-40DF-B771-E133D2B18BD4}.Debug|iPhone.Build.0 = Debug|Any CPU
		{D2BC76B7-734A-40DF-B771-E133D2B18BD4}.Debug|iPhone.Deploy.0 = Debug|Any CPU
		{D2BC76B7-734A-40DF-B771-E133D2B18BD4}.Debug|iPhoneSimulator.ActiveCfg = Debug|Any CPU
		{D2BC76B7-734A-40DF-B771-E133D2B18BD4}.Debug|iPhoneSimulator.Build.0 = Debug|Any CPU
		{D2BC76B7-734A-40DF-B771-E133D2B18BD4}.Debug|iPhoneSimulator.Deploy.0 = Debug|Any CPU
		{D2BC76B7-734A-40DF-B771-E133D2B18BD4}.Debug|x64.ActiveCfg = Debug|Any CPU
		{D2BC76B7-734A-40DF-B771-E133D2B18BD4}.Debug|x64.Build.0 = Debug|Any CPU
		{D2BC76B7-734A-40DF-B771-E133D2B18BD4}.Debug|x64.Deploy.0 = Debug|Any CPU
		{D2BC76B7-734A-40DF-B771-E133D2B18BD4}.Debug|x86.ActiveCfg = Debug|Any CPU
		{D2BC76B7-734A-40DF-B771-E133D2B18BD4}.Debug|x86.Build.0 = Debug|Any CPU
		{D2BC76B7-734A-40DF-B771-E133D2B18BD4}.Debug|x86.Deploy.0 = Debug|Any CPU
		{D2BC76B7-734A-40DF-B771-E133D2B18BD4}.Release|Any CPU.ActiveCfg = Release|Any CPU
		{D2BC76B7-734A-40DF-B771-E133D2B18BD4}.Release|Any CPU.Build.0 = Release|Any CPU
		{D2BC76B7-734A-40DF-B771-E133D2B18BD4}.Release|Any CPU.Deploy.0 = Release|Any CPU
		{D2BC76B7-734A-40DF-B771-E133D2B18BD4}.Release|ARM.ActiveCfg = Release|Any CPU
		{D2BC76B7-734A-40DF-B771-E133D2B18BD4}.Release|ARM.Build.0 = Release|Any CPU
		{D2BC76B7-734A-40DF-B771-E133D2B18BD4}.Release|ARM.Deploy.0 = Release|Any CPU
		{D2BC76B7-734A-40DF-B771-E133D2B18BD4}.Release|iPhone.ActiveCfg = Release|Any CPU
		{D2BC76B7-734A-40DF-B771-E133D2B18BD4}.Release|iPhone.Build.0 = Release|Any CPU
		{D2BC76B7-734A-40DF-B771-E133D2B18BD4}.Release|iPhone.Deploy.0 = Release|Any CPU
		{D2BC76B7-734A-40DF-B771-E133D2B18BD4}.Release|iPhoneSimulator.ActiveCfg = Release|Any CPU
		{D2BC76B7-734A-40DF-B771-E133D2B18BD4}.Release|iPhoneSimulator.Build.0 = Release|Any CPU
		{D2BC76B7-734A-40DF-B771-E133D2B18BD4}.Release|iPhoneSimulator.Deploy.0 = Release|Any CPU
		{D2BC76B7-734A-40DF-B771-E133D2B18BD4}.Release|x64.ActiveCfg = Release|Any CPU
		{D2BC76B7-734A-40DF-B771-E133D2B18BD4}.Release|x64.Build.0 = Release|Any CPU
		{D2BC76B7-734A-40DF-B771-E133D2B18BD4}.Release|x64.Deploy.0 = Release|Any CPU
		{D2BC76B7-734A-40DF-B771-E133D2B18BD4}.Release|x86.ActiveCfg = Release|Any CPU
		{D2BC76B7-734A-40DF-B771-E133D2B18BD4}.Release|x86.Build.0 = Release|Any CPU
		{D2BC76B7-734A-40DF-B771-E133D2B18BD4}.Release|x86.Deploy.0 = Release|Any CPU
		{DE909F97-F5E6-4CE0-8BDB-1F7703C57BA1}.Debug|Any CPU.ActiveCfg = Debug|iPhone
		{DE909F97-F5E6-4CE0-8BDB-1F7703C57BA1}.Debug|ARM.ActiveCfg = Debug|iPhone
		{DE909F97-F5E6-4CE0-8BDB-1F7703C57BA1}.Debug|iPhone.ActiveCfg = Debug|iPhone
		{DE909F97-F5E6-4CE0-8BDB-1F7703C57BA1}.Debug|iPhone.Build.0 = Debug|iPhone
		{DE909F97-F5E6-4CE0-8BDB-1F7703C57BA1}.Debug|iPhoneSimulator.ActiveCfg = Debug|iPhoneSimulator
		{DE909F97-F5E6-4CE0-8BDB-1F7703C57BA1}.Debug|iPhoneSimulator.Build.0 = Debug|iPhoneSimulator
		{DE909F97-F5E6-4CE0-8BDB-1F7703C57BA1}.Debug|x64.ActiveCfg = Debug|iPhone
		{DE909F97-F5E6-4CE0-8BDB-1F7703C57BA1}.Debug|x86.ActiveCfg = Debug|iPhone
		{DE909F97-F5E6-4CE0-8BDB-1F7703C57BA1}.Release|Any CPU.ActiveCfg = Release|iPhone
		{DE909F97-F5E6-4CE0-8BDB-1F7703C57BA1}.Release|ARM.ActiveCfg = Release|iPhone
		{DE909F97-F5E6-4CE0-8BDB-1F7703C57BA1}.Release|iPhone.ActiveCfg = Release|iPhone
		{DE909F97-F5E6-4CE0-8BDB-1F7703C57BA1}.Release|iPhone.Build.0 = Release|iPhone
		{DE909F97-F5E6-4CE0-8BDB-1F7703C57BA1}.Release|iPhoneSimulator.ActiveCfg = Release|iPhoneSimulator
		{DE909F97-F5E6-4CE0-8BDB-1F7703C57BA1}.Release|iPhoneSimulator.Build.0 = Release|iPhoneSimulator
		{DE909F97-F5E6-4CE0-8BDB-1F7703C57BA1}.Release|x64.ActiveCfg = Release|iPhone
		{DE909F97-F5E6-4CE0-8BDB-1F7703C57BA1}.Release|x86.ActiveCfg = Release|iPhone
		{703F1F51-0083-4B83-9A06-F350351E3A27}.Debug|Any CPU.ActiveCfg = Debug|Any CPU
		{703F1F51-0083-4B83-9A06-F350351E3A27}.Debug|Any CPU.Build.0 = Debug|Any CPU
		{703F1F51-0083-4B83-9A06-F350351E3A27}.Debug|ARM.ActiveCfg = Debug|Any CPU
		{703F1F51-0083-4B83-9A06-F350351E3A27}.Debug|ARM.Build.0 = Debug|Any CPU
		{703F1F51-0083-4B83-9A06-F350351E3A27}.Debug|iPhone.ActiveCfg = Debug|Any CPU
		{703F1F51-0083-4B83-9A06-F350351E3A27}.Debug|iPhone.Build.0 = Debug|Any CPU
		{703F1F51-0083-4B83-9A06-F350351E3A27}.Debug|iPhoneSimulator.ActiveCfg = Debug|Any CPU
		{703F1F51-0083-4B83-9A06-F350351E3A27}.Debug|iPhoneSimulator.Build.0 = Debug|Any CPU
		{703F1F51-0083-4B83-9A06-F350351E3A27}.Debug|x64.ActiveCfg = Debug|Any CPU
		{703F1F51-0083-4B83-9A06-F350351E3A27}.Debug|x64.Build.0 = Debug|Any CPU
		{703F1F51-0083-4B83-9A06-F350351E3A27}.Debug|x86.ActiveCfg = Debug|Any CPU
		{703F1F51-0083-4B83-9A06-F350351E3A27}.Debug|x86.Build.0 = Debug|Any CPU
		{703F1F51-0083-4B83-9A06-F350351E3A27}.Release|Any CPU.ActiveCfg = Release|Any CPU
		{703F1F51-0083-4B83-9A06-F350351E3A27}.Release|Any CPU.Build.0 = Release|Any CPU
		{703F1F51-0083-4B83-9A06-F350351E3A27}.Release|ARM.ActiveCfg = Release|Any CPU
		{703F1F51-0083-4B83-9A06-F350351E3A27}.Release|ARM.Build.0 = Release|Any CPU
		{703F1F51-0083-4B83-9A06-F350351E3A27}.Release|iPhone.ActiveCfg = Release|Any CPU
		{703F1F51-0083-4B83-9A06-F350351E3A27}.Release|iPhone.Build.0 = Release|Any CPU
		{703F1F51-0083-4B83-9A06-F350351E3A27}.Release|iPhoneSimulator.ActiveCfg = Release|Any CPU
		{703F1F51-0083-4B83-9A06-F350351E3A27}.Release|iPhoneSimulator.Build.0 = Release|Any CPU
		{703F1F51-0083-4B83-9A06-F350351E3A27}.Release|x64.ActiveCfg = Release|Any CPU
		{703F1F51-0083-4B83-9A06-F350351E3A27}.Release|x64.Build.0 = Release|Any CPU
		{703F1F51-0083-4B83-9A06-F350351E3A27}.Release|x86.ActiveCfg = Release|Any CPU
		{703F1F51-0083-4B83-9A06-F350351E3A27}.Release|x86.Build.0 = Release|Any CPU
	EndGlobalSection
	GlobalSection(SolutionProperties) = preSolution
		HideSolutionNode = FALSE
	EndGlobalSection
	GlobalSection(NestedProjects) = preSolution
		{069040C1-E452-462D-A924-4CA96F231350} = {D299F8F5-0A96-4F51-8EBF-E3A74DEDDE6E}
		{22529955-422C-49E4-BE98-D22A043E57A1} = {68A92D0C-C33E-4B8E-8F1C-D9F0163ECFA1}
		{D2BC76B7-734A-40DF-B771-E133D2B18BD4} = {68A92D0C-C33E-4B8E-8F1C-D9F0163ECFA1}
		{DE909F97-F5E6-4CE0-8BDB-1F7703C57BA1} = {68A92D0C-C33E-4B8E-8F1C-D9F0163ECFA1}
		{703F1F51-0083-4B83-9A06-F350351E3A27} = {68A92D0C-C33E-4B8E-8F1C-D9F0163ECFA1}
	EndGlobalSection
	GlobalSection(ExtensibilityGlobals) = postSolution
		SolutionGuid = {1C816052-0EC3-4B3F-97A6-29FC5761ACE6}
	EndGlobalSection
EndGlobal
