
Microsoft Visual Studio Solution File, Format Version 12.00
# Visual Studio Version 16
VisualStudioVersion = 16.0.29009.5
MinimumVisualStudioVersion = 10.0.40219.1
Project("{9A19103F-16F7-4668-BE54-9A1E7A4F7556}") = "ISNogometniStadion.WebAPI", "ISNogometniStadion.WebAPI\ISNogometniStadion.WebAPI.csproj", "{45A369DF-336D-4978-8612-64F35ABCE693}"
EndProject
Project("{9A19103F-16F7-4668-BE54-9A1E7A4F7556}") = "ISNogometniStadion.Model", "ISNogometniStadion.Model\ISNogometniStadion.Model.csproj", "{AA0E0B7A-42E3-4409-B999-F9D90A192A7A}"
EndProject
Project("{2150E333-8FDC-42A3-9474-1A3956D46DE8}") = "UI", "UI", "{D299F8F5-0A96-4F51-8EBF-E3A74DEDDE6E}"
EndProject
Project("{FAE04EC0-301F-11D3-BF4B-00C04F79EFBC}") = "ISNogometniStadion.WinUI", "ISNogometniStadion.WinUI\ISNogometniStadion.WinUI.csproj", "{069040C1-E452-462D-A924-4CA96F231350}"
EndProject
Project("{2150E333-8FDC-42A3-9474-1A3956D46DE8}") = "ISNS.M", "ISNS.M", "{2A9E330F-FD89-4E87-B625-B0368F3B9C64}"
EndProject
Project("{FAE04EC0-301F-11D3-BF4B-00C04F79EFBC}") = "ISNS.MA.UWP", "ISNS.MA\ISNS.MA.UWP\ISNS.MA.UWP.csproj", "{A1BB2E1B-1134-43B4-B183-2C0E46B3291A}"
EndProject
Project("{FAE04EC0-301F-11D3-BF4B-00C04F79EFBC}") = "ISNS.MA.Android", "ISNS.MA\ISNS.MA.Android\ISNS.MA.Android.csproj", "{703A6862-B362-4977-9B32-4D7F8CE82CDF}"
EndProject
Project("{FAE04EC0-301F-11D3-BF4B-00C04F79EFBC}") = "ISNS.MA.iOS", "ISNS.MA\ISNS.MA.iOS\ISNS.MA.iOS.csproj", "{C3BDBF7D-425E-4E76-8408-668C6061E6F7}"
EndProject
Project("{FAE04EC0-301F-11D3-BF4B-00C04F79EFBC}") = "ISNS.MA", "ISNS.MA\ISNS.MA\ISNS.MA.csproj", "{2A1B6ECA-DC60-44AF-B646-5146AE3FB592}"
EndProject
Global
	GlobalSection(SolutionConfigurationPlatforms) = preSolution
		Debug|Any CPU = Debug|Any CPU
		Debug|ARM = Debug|ARM
		Debug|iPhone = Debug|iPhone
		Debug|iPhoneSimulator = Debug|iPhoneSimulator
		Debug|x64 = Debug|x64
		Debug|x86 = Debug|x86
		Release|Any CPU = Release|Any CPU
		Release|ARM = Release|ARM
		Release|iPhone = Release|iPhone
		Release|iPhoneSimulator = Release|iPhoneSimulator
		Release|x64 = Release|x64
		Release|x86 = Release|x86
	EndGlobalSection
	GlobalSection(ProjectConfigurationPlatforms) = postSolution
		{45A369DF-336D-4978-8612-64F35ABCE693}.Debug|Any CPU.ActiveCfg = Debug|Any CPU
		{45A369DF-336D-4978-8612-64F35ABCE693}.Debug|Any CPU.Build.0 = Debug|Any CPU
		{45A369DF-336D-4978-8612-64F35ABCE693}.Debug|ARM.ActiveCfg = Debug|Any CPU
		{45A369DF-336D-4978-8612-64F35ABCE693}.Debug|ARM.Build.0 = Debug|Any CPU
		{45A369DF-336D-4978-8612-64F35ABCE693}.Debug|iPhone.ActiveCfg = Debug|Any CPU
		{45A369DF-336D-4978-8612-64F35ABCE693}.Debug|iPhone.Build.0 = Debug|Any CPU
		{45A369DF-336D-4978-8612-64F35ABCE693}.Debug|iPhoneSimulator.ActiveCfg = Debug|Any CPU
		{45A369DF-336D-4978-8612-64F35ABCE693}.Debug|iPhoneSimulator.Build.0 = Debug|Any CPU
		{45A369DF-336D-4978-8612-64F35ABCE693}.Debug|x64.ActiveCfg = Debug|Any CPU
		{45A369DF-336D-4978-8612-64F35ABCE693}.Debug|x64.Build.0 = Debug|Any CPU
		{45A369DF-336D-4978-8612-64F35ABCE693}.Debug|x86.ActiveCfg = Debug|Any CPU
		{45A369DF-336D-4978-8612-64F35ABCE693}.Debug|x86.Build.0 = Debug|Any CPU
		{45A369DF-336D-4978-8612-64F35ABCE693}.Release|Any CPU.ActiveCfg = Release|Any CPU
		{45A369DF-336D-4978-8612-64F35ABCE693}.Release|Any CPU.Build.0 = Release|Any CPU
		{45A369DF-336D-4978-8612-64F35ABCE693}.Release|ARM.ActiveCfg = Release|Any CPU
		{45A369DF-336D-4978-8612-64F35ABCE693}.Release|ARM.Build.0 = Release|Any CPU
		{45A369DF-336D-4978-8612-64F35ABCE693}.Release|iPhone.ActiveCfg = Release|Any CPU
		{45A369DF-336D-4978-8612-64F35ABCE693}.Release|iPhone.Build.0 = Release|Any CPU
		{45A369DF-336D-4978-8612-64F35ABCE693}.Release|iPhoneSimulator.ActiveCfg = Release|Any CPU
		{45A369DF-336D-4978-8612-64F35ABCE693}.Release|iPhoneSimulator.Build.0 = Release|Any CPU
		{45A369DF-336D-4978-8612-64F35ABCE693}.Release|x64.ActiveCfg = Release|Any CPU
		{45A369DF-336D-4978-8612-64F35ABCE693}.Release|x64.Build.0 = Release|Any CPU
		{45A369DF-336D-4978-8612-64F35ABCE693}.Release|x86.ActiveCfg = Release|Any CPU
		{45A369DF-336D-4978-8612-64F35ABCE693}.Release|x86.Build.0 = Release|Any CPU
		{AA0E0B7A-42E3-4409-B999-F9D90A192A7A}.Debug|Any CPU.ActiveCfg = Debug|Any CPU
		{AA0E0B7A-42E3-4409-B999-F9D90A192A7A}.Debug|Any CPU.Build.0 = Debug|Any CPU
		{AA0E0B7A-42E3-4409-B999-F9D90A192A7A}.Debug|ARM.ActiveCfg = Debug|Any CPU
		{AA0E0B7A-42E3-4409-B999-F9D90A192A7A}.Debug|ARM.Build.0 = Debug|Any CPU
		{AA0E0B7A-42E3-4409-B999-F9D90A192A7A}.Debug|iPhone.ActiveCfg = Debug|Any CPU
		{AA0E0B7A-42E3-4409-B999-F9D90A192A7A}.Debug|iPhone.Build.0 = Debug|Any CPU
		{AA0E0B7A-42E3-4409-B999-F9D90A192A7A}.Debug|iPhoneSimulator.ActiveCfg = Debug|Any CPU
		{AA0E0B7A-42E3-4409-B999-F9D90A192A7A}.Debug|iPhoneSimulator.Build.0 = Debug|Any CPU
		{AA0E0B7A-42E3-4409-B999-F9D90A192A7A}.Debug|x64.ActiveCfg = Debug|Any CPU
		{AA0E0B7A-42E3-4409-B999-F9D90A192A7A}.Debug|x64.Build.0 = Debug|Any CPU
		{AA0E0B7A-42E3-4409-B999-F9D90A192A7A}.Debug|x86.ActiveCfg = Debug|Any CPU
		{AA0E0B7A-42E3-4409-B999-F9D90A192A7A}.Debug|x86.Build.0 = Debug|Any CPU
		{AA0E0B7A-42E3-4409-B999-F9D90A192A7A}.Release|Any CPU.ActiveCfg = Release|Any CPU
		{AA0E0B7A-42E3-4409-B999-F9D90A192A7A}.Release|Any CPU.Build.0 = Release|Any CPU
		{AA0E0B7A-42E3-4409-B999-F9D90A192A7A}.Release|ARM.ActiveCfg = Release|Any CPU
		{AA0E0B7A-42E3-4409-B999-F9D90A192A7A}.Release|ARM.Build.0 = Release|Any CPU
		{AA0E0B7A-42E3-4409-B999-F9D90A192A7A}.Release|iPhone.ActiveCfg = Release|Any CPU
		{AA0E0B7A-42E3-4409-B999-F9D90A192A7A}.Release|iPhone.Build.0 = Release|Any CPU
		{AA0E0B7A-42E3-4409-B999-F9D90A192A7A}.Release|iPhoneSimulator.ActiveCfg = Release|Any CPU
		{AA0E0B7A-42E3-4409-B999-F9D90A192A7A}.Release|iPhoneSimulator.Build.0 = Release|Any CPU
		{AA0E0B7A-42E3-4409-B999-F9D90A192A7A}.Release|x64.ActiveCfg = Release|Any CPU
		{AA0E0B7A-42E3-4409-B999-F9D90A192A7A}.Release|x64.Build.0 = Release|Any CPU
		{AA0E0B7A-42E3-4409-B999-F9D90A192A7A}.Release|x86.ActiveCfg = Release|Any CPU
		{AA0E0B7A-42E3-4409-B999-F9D90A192A7A}.Release|x86.Build.0 = Release|Any CPU
		{069040C1-E452-462D-A924-4CA96F231350}.Debug|Any CPU.ActiveCfg = Debug|Any CPU
		{069040C1-E452-462D-A924-4CA96F231350}.Debug|Any CPU.Build.0 = Debug|Any CPU
		{069040C1-E452-462D-A924-4CA96F231350}.Debug|ARM.ActiveCfg = Debug|Any CPU
		{069040C1-E452-462D-A924-4CA96F231350}.Debug|ARM.Build.0 = Debug|Any CPU
		{069040C1-E452-462D-A924-4CA96F231350}.Debug|iPhone.ActiveCfg = Debug|Any CPU
		{069040C1-E452-462D-A924-4CA96F231350}.Debug|iPhone.Build.0 = Debug|Any CPU
		{069040C1-E452-462D-A924-4CA96F231350}.Debug|iPhoneSimulator.ActiveCfg = Debug|Any CPU
		{069040C1-E452-462D-A924-4CA96F231350}.Debug|iPhoneSimulator.Build.0 = Debug|Any CPU
		{069040C1-E452-462D-A924-4CA96F231350}.Debug|x64.ActiveCfg = Debug|Any CPU
		{069040C1-E452-462D-A924-4CA96F231350}.Debug|x64.Build.0 = Debug|Any CPU
		{069040C1-E452-462D-A924-4CA96F231350}.Debug|x86.ActiveCfg = Debug|Any CPU
		{069040C1-E452-462D-A924-4CA96F231350}.Debug|x86.Build.0 = Debug|Any CPU
		{069040C1-E452-462D-A924-4CA96F231350}.Release|Any CPU.ActiveCfg = Release|Any CPU
		{069040C1-E452-462D-A924-4CA96F231350}.Release|Any CPU.Build.0 = Release|Any CPU
		{069040C1-E452-462D-A924-4CA96F231350}.Release|ARM.ActiveCfg = Release|Any CPU
		{069040C1-E452-462D-A924-4CA96F231350}.Release|ARM.Build.0 = Release|Any CPU
		{069040C1-E452-462D-A924-4CA96F231350}.Release|iPhone.ActiveCfg = Release|Any CPU
		{069040C1-E452-462D-A924-4CA96F231350}.Release|iPhone.Build.0 = Release|Any CPU
		{069040C1-E452-462D-A924-4CA96F231350}.Release|iPhoneSimulator.ActiveCfg = Release|Any CPU
		{069040C1-E452-462D-A924-4CA96F231350}.Release|iPhoneSimulator.Build.0 = Release|Any CPU
		{069040C1-E452-462D-A924-4CA96F231350}.Release|x64.ActiveCfg = Release|Any CPU
		{069040C1-E452-462D-A924-4CA96F231350}.Release|x64.Build.0 = Release|Any CPU
		{069040C1-E452-462D-A924-4CA96F231350}.Release|x86.ActiveCfg = Release|Any CPU
		{069040C1-E452-462D-A924-4CA96F231350}.Release|x86.Build.0 = Release|Any CPU
		{A1BB2E1B-1134-43B4-B183-2C0E46B3291A}.Debug|Any CPU.ActiveCfg = Debug|x86
		{A1BB2E1B-1134-43B4-B183-2C0E46B3291A}.Debug|ARM.ActiveCfg = Debug|ARM
		{A1BB2E1B-1134-43B4-B183-2C0E46B3291A}.Debug|ARM.Build.0 = Debug|ARM
		{A1BB2E1B-1134-43B4-B183-2C0E46B3291A}.Debug|ARM.Deploy.0 = Debug|ARM
		{A1BB2E1B-1134-43B4-B183-2C0E46B3291A}.Debug|iPhone.ActiveCfg = Debug|x86
		{A1BB2E1B-1134-43B4-B183-2C0E46B3291A}.Debug|iPhoneSimulator.ActiveCfg = Debug|x86
		{A1BB2E1B-1134-43B4-B183-2C0E46B3291A}.Debug|x64.ActiveCfg = Debug|x64
		{A1BB2E1B-1134-43B4-B183-2C0E46B3291A}.Debug|x64.Build.0 = Debug|x64
		{A1BB2E1B-1134-43B4-B183-2C0E46B3291A}.Debug|x64.Deploy.0 = Debug|x64
		{A1BB2E1B-1134-43B4-B183-2C0E46B3291A}.Debug|x86.ActiveCfg = Debug|x86
		{A1BB2E1B-1134-43B4-B183-2C0E46B3291A}.Debug|x86.Build.0 = Debug|x86
		{A1BB2E1B-1134-43B4-B183-2C0E46B3291A}.Debug|x86.Deploy.0 = Debug|x86
		{A1BB2E1B-1134-43B4-B183-2C0E46B3291A}.Release|Any CPU.ActiveCfg = Release|x86
		{A1BB2E1B-1134-43B4-B183-2C0E46B3291A}.Release|ARM.ActiveCfg = Release|ARM
		{A1BB2E1B-1134-43B4-B183-2C0E46B3291A}.Release|ARM.Build.0 = Release|ARM
		{A1BB2E1B-1134-43B4-B183-2C0E46B3291A}.Release|ARM.Deploy.0 = Release|ARM
		{A1BB2E1B-1134-43B4-B183-2C0E46B3291A}.Release|iPhone.ActiveCfg = Release|x86
		{A1BB2E1B-1134-43B4-B183-2C0E46B3291A}.Release|iPhoneSimulator.ActiveCfg = Release|x86
		{A1BB2E1B-1134-43B4-B183-2C0E46B3291A}.Release|x64.ActiveCfg = Release|x64
		{A1BB2E1B-1134-43B4-B183-2C0E46B3291A}.Release|x64.Build.0 = Release|x64
		{A1BB2E1B-1134-43B4-B183-2C0E46B3291A}.Release|x64.Deploy.0 = Release|x64
		{A1BB2E1B-1134-43B4-B183-2C0E46B3291A}.Release|x86.ActiveCfg = Release|x86
		{A1BB2E1B-1134-43B4-B183-2C0E46B3291A}.Release|x86.Build.0 = Release|x86
		{A1BB2E1B-1134-43B4-B183-2C0E46B3291A}.Release|x86.Deploy.0 = Release|x86
		{703A6862-B362-4977-9B32-4D7F8CE82CDF}.Debug|Any CPU.ActiveCfg = Debug|Any CPU
		{703A6862-B362-4977-9B32-4D7F8CE82CDF}.Debug|Any CPU.Build.0 = Debug|Any CPU
		{703A6862-B362-4977-9B32-4D7F8CE82CDF}.Debug|Any CPU.Deploy.0 = Debug|Any CPU
		{703A6862-B362-4977-9B32-4D7F8CE82CDF}.Debug|ARM.ActiveCfg = Debug|Any CPU
		{703A6862-B362-4977-9B32-4D7F8CE82CDF}.Debug|ARM.Build.0 = Debug|Any CPU
		{703A6862-B362-4977-9B32-4D7F8CE82CDF}.Debug|ARM.Deploy.0 = Debug|Any CPU
		{703A6862-B362-4977-9B32-4D7F8CE82CDF}.Debug|iPhone.ActiveCfg = Debug|Any CPU
		{703A6862-B362-4977-9B32-4D7F8CE82CDF}.Debug|iPhone.Build.0 = Debug|Any CPU
		{703A6862-B362-4977-9B32-4D7F8CE82CDF}.Debug|iPhone.Deploy.0 = Debug|Any CPU
		{703A6862-B362-4977-9B32-4D7F8CE82CDF}.Debug|iPhoneSimulator.ActiveCfg = Debug|Any CPU
		{703A6862-B362-4977-9B32-4D7F8CE82CDF}.Debug|iPhoneSimulator.Build.0 = Debug|Any CPU
		{703A6862-B362-4977-9B32-4D7F8CE82CDF}.Debug|iPhoneSimulator.Deploy.0 = Debug|Any CPU
		{703A6862-B362-4977-9B32-4D7F8CE82CDF}.Debug|x64.ActiveCfg = Debug|Any CPU
		{703A6862-B362-4977-9B32-4D7F8CE82CDF}.Debug|x64.Build.0 = Debug|Any CPU
		{703A6862-B362-4977-9B32-4D7F8CE82CDF}.Debug|x64.Deploy.0 = Debug|Any CPU
		{703A6862-B362-4977-9B32-4D7F8CE82CDF}.Debug|x86.ActiveCfg = Debug|Any CPU
		{703A6862-B362-4977-9B32-4D7F8CE82CDF}.Debug|x86.Build.0 = Debug|Any CPU
		{703A6862-B362-4977-9B32-4D7F8CE82CDF}.Debug|x86.Deploy.0 = Debug|Any CPU
		{703A6862-B362-4977-9B32-4D7F8CE82CDF}.Release|Any CPU.ActiveCfg = Release|Any CPU
		{703A6862-B362-4977-9B32-4D7F8CE82CDF}.Release|Any CPU.Build.0 = Release|Any CPU
		{703A6862-B362-4977-9B32-4D7F8CE82CDF}.Release|Any CPU.Deploy.0 = Release|Any CPU
		{703A6862-B362-4977-9B32-4D7F8CE82CDF}.Release|ARM.ActiveCfg = Release|Any CPU
		{703A6862-B362-4977-9B32-4D7F8CE82CDF}.Release|ARM.Build.0 = Release|Any CPU
		{703A6862-B362-4977-9B32-4D7F8CE82CDF}.Release|ARM.Deploy.0 = Release|Any CPU
		{703A6862-B362-4977-9B32-4D7F8CE82CDF}.Release|iPhone.ActiveCfg = Release|Any CPU
		{703A6862-B362-4977-9B32-4D7F8CE82CDF}.Release|iPhone.Build.0 = Release|Any CPU
		{703A6862-B362-4977-9B32-4D7F8CE82CDF}.Release|iPhone.Deploy.0 = Release|Any CPU
		{703A6862-B362-4977-9B32-4D7F8CE82CDF}.Release|iPhoneSimulator.ActiveCfg = Release|Any CPU
		{703A6862-B362-4977-9B32-4D7F8CE82CDF}.Release|iPhoneSimulator.Build.0 = Release|Any CPU
		{703A6862-B362-4977-9B32-4D7F8CE82CDF}.Release|iPhoneSimulator.Deploy.0 = Release|Any CPU
		{703A6862-B362-4977-9B32-4D7F8CE82CDF}.Release|x64.ActiveCfg = Release|Any CPU
		{703A6862-B362-4977-9B32-4D7F8CE82CDF}.Release|x64.Build.0 = Release|Any CPU
		{703A6862-B362-4977-9B32-4D7F8CE82CDF}.Release|x64.Deploy.0 = Release|Any CPU
		{703A6862-B362-4977-9B32-4D7F8CE82CDF}.Release|x86.ActiveCfg = Release|Any CPU
		{703A6862-B362-4977-9B32-4D7F8CE82CDF}.Release|x86.Build.0 = Release|Any CPU
		{703A6862-B362-4977-9B32-4D7F8CE82CDF}.Release|x86.Deploy.0 = Release|Any CPU
		{C3BDBF7D-425E-4E76-8408-668C6061E6F7}.Debug|Any CPU.ActiveCfg = Debug|iPhone
		{C3BDBF7D-425E-4E76-8408-668C6061E6F7}.Debug|ARM.ActiveCfg = Debug|iPhone
		{C3BDBF7D-425E-4E76-8408-668C6061E6F7}.Debug|iPhone.ActiveCfg = Debug|iPhone
		{C3BDBF7D-425E-4E76-8408-668C6061E6F7}.Debug|iPhone.Build.0 = Debug|iPhone
		{C3BDBF7D-425E-4E76-8408-668C6061E6F7}.Debug|iPhoneSimulator.ActiveCfg = Debug|iPhoneSimulator
		{C3BDBF7D-425E-4E76-8408-668C6061E6F7}.Debug|iPhoneSimulator.Build.0 = Debug|iPhoneSimulator
		{C3BDBF7D-425E-4E76-8408-668C6061E6F7}.Debug|x64.ActiveCfg = Debug|iPhone
		{C3BDBF7D-425E-4E76-8408-668C6061E6F7}.Debug|x86.ActiveCfg = Debug|iPhone
		{C3BDBF7D-425E-4E76-8408-668C6061E6F7}.Release|Any CPU.ActiveCfg = Release|iPhone
		{C3BDBF7D-425E-4E76-8408-668C6061E6F7}.Release|ARM.ActiveCfg = Release|iPhone
		{C3BDBF7D-425E-4E76-8408-668C6061E6F7}.Release|iPhone.ActiveCfg = Release|iPhone
		{C3BDBF7D-425E-4E76-8408-668C6061E6F7}.Release|iPhone.Build.0 = Release|iPhone
		{C3BDBF7D-425E-4E76-8408-668C6061E6F7}.Release|iPhoneSimulator.ActiveCfg = Release|iPhoneSimulator
		{C3BDBF7D-425E-4E76-8408-668C6061E6F7}.Release|iPhoneSimulator.Build.0 = Release|iPhoneSimulator
		{C3BDBF7D-425E-4E76-8408-668C6061E6F7}.Release|x64.ActiveCfg = Release|iPhone
		{C3BDBF7D-425E-4E76-8408-668C6061E6F7}.Release|x86.ActiveCfg = Release|iPhone
		{2A1B6ECA-DC60-44AF-B646-5146AE3FB592}.Debug|Any CPU.ActiveCfg = Debug|Any CPU
		{2A1B6ECA-DC60-44AF-B646-5146AE3FB592}.Debug|Any CPU.Build.0 = Debug|Any CPU
		{2A1B6ECA-DC60-44AF-B646-5146AE3FB592}.Debug|ARM.ActiveCfg = Debug|Any CPU
		{2A1B6ECA-DC60-44AF-B646-5146AE3FB592}.Debug|ARM.Build.0 = Debug|Any CPU
		{2A1B6ECA-DC60-44AF-B646-5146AE3FB592}.Debug|iPhone.ActiveCfg = Debug|Any CPU
		{2A1B6ECA-DC60-44AF-B646-5146AE3FB592}.Debug|iPhone.Build.0 = Debug|Any CPU
		{2A1B6ECA-DC60-44AF-B646-5146AE3FB592}.Debug|iPhoneSimulator.ActiveCfg = Debug|Any CPU
		{2A1B6ECA-DC60-44AF-B646-5146AE3FB592}.Debug|iPhoneSimulator.Build.0 = Debug|Any CPU
		{2A1B6ECA-DC60-44AF-B646-5146AE3FB592}.Debug|x64.ActiveCfg = Debug|Any CPU
		{2A1B6ECA-DC60-44AF-B646-5146AE3FB592}.Debug|x64.Build.0 = Debug|Any CPU
		{2A1B6ECA-DC60-44AF-B646-5146AE3FB592}.Debug|x86.ActiveCfg = Debug|Any CPU
		{2A1B6ECA-DC60-44AF-B646-5146AE3FB592}.Debug|x86.Build.0 = Debug|Any CPU
		{2A1B6ECA-DC60-44AF-B646-5146AE3FB592}.Release|Any CPU.ActiveCfg = Release|Any CPU
		{2A1B6ECA-DC60-44AF-B646-5146AE3FB592}.Release|Any CPU.Build.0 = Release|Any CPU
		{2A1B6ECA-DC60-44AF-B646-5146AE3FB592}.Release|ARM.ActiveCfg = Release|Any CPU
		{2A1B6ECA-DC60-44AF-B646-5146AE3FB592}.Release|ARM.Build.0 = Release|Any CPU
		{2A1B6ECA-DC60-44AF-B646-5146AE3FB592}.Release|iPhone.ActiveCfg = Release|Any CPU
		{2A1B6ECA-DC60-44AF-B646-5146AE3FB592}.Release|iPhone.Build.0 = Release|Any CPU
		{2A1B6ECA-DC60-44AF-B646-5146AE3FB592}.Release|iPhoneSimulator.ActiveCfg = Release|Any CPU
		{2A1B6ECA-DC60-44AF-B646-5146AE3FB592}.Release|iPhoneSimulator.Build.0 = Release|Any CPU
		{2A1B6ECA-DC60-44AF-B646-5146AE3FB592}.Release|x64.ActiveCfg = Release|Any CPU
		{2A1B6ECA-DC60-44AF-B646-5146AE3FB592}.Release|x64.Build.0 = Release|Any CPU
		{2A1B6ECA-DC60-44AF-B646-5146AE3FB592}.Release|x86.ActiveCfg = Release|Any CPU
		{2A1B6ECA-DC60-44AF-B646-5146AE3FB592}.Release|x86.Build.0 = Release|Any CPU
	EndGlobalSection
	GlobalSection(SolutionProperties) = preSolution
		HideSolutionNode = FALSE
	EndGlobalSection
	GlobalSection(NestedProjects) = preSolution
		{069040C1-E452-462D-A924-4CA96F231350} = {D299F8F5-0A96-4F51-8EBF-E3A74DEDDE6E}
		{A1BB2E1B-1134-43B4-B183-2C0E46B3291A} = {2A9E330F-FD89-4E87-B625-B0368F3B9C64}
		{703A6862-B362-4977-9B32-4D7F8CE82CDF} = {2A9E330F-FD89-4E87-B625-B0368F3B9C64}
		{C3BDBF7D-425E-4E76-8408-668C6061E6F7} = {2A9E330F-FD89-4E87-B625-B0368F3B9C64}
		{2A1B6ECA-DC60-44AF-B646-5146AE3FB592} = {2A9E330F-FD89-4E87-B625-B0368F3B9C64}
	EndGlobalSection
	GlobalSection(ExtensibilityGlobals) = postSolution
		SolutionGuid = {1C816052-0EC3-4B3F-97A6-29FC5761ACE6}
	EndGlobalSection
EndGlobal
